
Microsoft Visual Studio Solution File, Format Version 12.00
# Visual Studio 15
VisualStudioVersion = 15.0.26430.15
MinimumVisualStudioVersion = 10.0.40219.1
Project("{FAE04EC0-301F-11D3-BF4B-00C04F79EFBC}") = "Bisner.Mobile.iOS", "Bisner.Mobile.iOS\Bisner.Mobile.iOS.csproj", "{758D5C80-FB98-47F9-B61B-54E78B570C04}"
EndProject
Project("{FAE04EC0-301F-11D3-BF4B-00C04F79EFBC}") = "Bisner.Mobile.Core", "Bisner.Mobile.Core\Bisner.Mobile.Core.csproj", "{7505C5DE-9F46-4E79-8264-D447EC0B1D76}"
EndProject
Project("{FAE04EC0-301F-11D3-BF4B-00C04F79EFBC}") = "Bisner.Mobile.Droid", "Bisner.Mobile.Android\Bisner.Mobile.Droid.csproj", "{55684496-B80B-4252-B8E0-C92DD1492001}"
EndProject
Project("{FAE04EC0-301F-11D3-BF4B-00C04F79EFBC}") = "Bisner.ApiModels", "Bisner.ApiModels\Bisner.ApiModels.csproj", "{E8F2D76B-7614-4BEB-8742-81A7071403C7}"
EndProject
Project("{FAE04EC0-301F-11D3-BF4B-00C04F79EFBC}") = "Bisner.Constants", "Bisner.Constants\Bisner.Constants.csproj", "{75FC9B24-EAEC-4468-85D7-E0201E908A84}"
EndProject
Global
	GlobalSection(SolutionConfigurationPlatforms) = preSolution
		Ad-Hoc|Any CPU = Ad-Hoc|Any CPU
		Ad-Hoc|iPhone = Ad-Hoc|iPhone
		Ad-Hoc|iPhoneSimulator = Ad-Hoc|iPhoneSimulator
		AppStore|Any CPU = AppStore|Any CPU
		AppStore|iPhone = AppStore|iPhone
		AppStore|iPhoneSimulator = AppStore|iPhoneSimulator
		Debug|Any CPU = Debug|Any CPU
		Debug|iPhone = Debug|iPhone
		Debug|iPhoneSimulator = Debug|iPhoneSimulator
		Release|Any CPU = Release|Any CPU
		Release|iPhone = Release|iPhone
		Release|iPhoneSimulator = Release|iPhoneSimulator
	EndGlobalSection
	GlobalSection(ProjectConfigurationPlatforms) = postSolution
		{758D5C80-FB98-47F9-B61B-54E78B570C04}.Ad-Hoc|Any CPU.ActiveCfg = Ad-Hoc|iPhone
		{758D5C80-FB98-47F9-B61B-54E78B570C04}.Ad-Hoc|iPhone.ActiveCfg = Ad-Hoc|iPhone
		{758D5C80-FB98-47F9-B61B-54E78B570C04}.Ad-Hoc|iPhone.Build.0 = Ad-Hoc|iPhone
		{758D5C80-FB98-47F9-B61B-54E78B570C04}.Ad-Hoc|iPhoneSimulator.ActiveCfg = Ad-Hoc|iPhoneSimulator
		{758D5C80-FB98-47F9-B61B-54E78B570C04}.Ad-Hoc|iPhoneSimulator.Build.0 = Ad-Hoc|iPhoneSimulator
		{758D5C80-FB98-47F9-B61B-54E78B570C04}.AppStore|Any CPU.ActiveCfg = AppStore|iPhone
		{758D5C80-FB98-47F9-B61B-54E78B570C04}.AppStore|iPhone.ActiveCfg = AppStore|iPhone
		{758D5C80-FB98-47F9-B61B-54E78B570C04}.AppStore|iPhone.Build.0 = AppStore|iPhone
		{758D5C80-FB98-47F9-B61B-54E78B570C04}.AppStore|iPhoneSimulator.ActiveCfg = AppStore|iPhoneSimulator
		{758D5C80-FB98-47F9-B61B-54E78B570C04}.AppStore|iPhoneSimulator.Build.0 = AppStore|iPhoneSimulator
		{758D5C80-FB98-47F9-B61B-54E78B570C04}.Debug|Any CPU.ActiveCfg = Debug|iPhone
		{758D5C80-FB98-47F9-B61B-54E78B570C04}.Debug|iPhone.ActiveCfg = Debug|iPhone
		{758D5C80-FB98-47F9-B61B-54E78B570C04}.Debug|iPhone.Build.0 = Debug|iPhone
		{758D5C80-FB98-47F9-B61B-54E78B570C04}.Debug|iPhoneSimulator.ActiveCfg = Debug|iPhoneSimulator
		{758D5C80-FB98-47F9-B61B-54E78B570C04}.Debug|iPhoneSimulator.Build.0 = Debug|iPhoneSimulator
		{758D5C80-FB98-47F9-B61B-54E78B570C04}.Release|Any CPU.ActiveCfg = Release|iPhone
		{758D5C80-FB98-47F9-B61B-54E78B570C04}.Release|iPhone.ActiveCfg = Release|iPhone
		{758D5C80-FB98-47F9-B61B-54E78B570C04}.Release|iPhone.Build.0 = Release|iPhone
		{758D5C80-FB98-47F9-B61B-54E78B570C04}.Release|iPhoneSimulator.ActiveCfg = Release|iPhoneSimulator
		{758D5C80-FB98-47F9-B61B-54E78B570C04}.Release|iPhoneSimulator.Build.0 = Release|iPhoneSimulator
		{7505C5DE-9F46-4E79-8264-D447EC0B1D76}.Ad-Hoc|Any CPU.ActiveCfg = Release|Any CPU
		{7505C5DE-9F46-4E79-8264-D447EC0B1D76}.Ad-Hoc|Any CPU.Build.0 = Release|Any CPU
		{7505C5DE-9F46-4E79-8264-D447EC0B1D76}.Ad-Hoc|iPhone.ActiveCfg = Release|Any CPU
		{7505C5DE-9F46-4E79-8264-D447EC0B1D76}.Ad-Hoc|iPhone.Build.0 = Release|Any CPU
		{7505C5DE-9F46-4E79-8264-D447EC0B1D76}.Ad-Hoc|iPhoneSimulator.ActiveCfg = Release|Any CPU
		{7505C5DE-9F46-4E79-8264-D447EC0B1D76}.Ad-Hoc|iPhoneSimulator.Build.0 = Release|Any CPU
		{7505C5DE-9F46-4E79-8264-D447EC0B1D76}.AppStore|Any CPU.ActiveCfg = Release|Any CPU
		{7505C5DE-9F46-4E79-8264-D447EC0B1D76}.AppStore|Any CPU.Build.0 = Release|Any CPU
		{7505C5DE-9F46-4E79-8264-D447EC0B1D76}.AppStore|iPhone.ActiveCfg = Release|Any CPU
		{7505C5DE-9F46-4E79-8264-D447EC0B1D76}.AppStore|iPhone.Build.0 = Release|Any CPU
		{7505C5DE-9F46-4E79-8264-D447EC0B1D76}.AppStore|iPhoneSimulator.ActiveCfg = Release|Any CPU
		{7505C5DE-9F46-4E79-8264-D447EC0B1D76}.AppStore|iPhoneSimulator.Build.0 = Release|Any CPU
		{7505C5DE-9F46-4E79-8264-D447EC0B1D76}.Debug|Any CPU.ActiveCfg = Debug|Any CPU
		{7505C5DE-9F46-4E79-8264-D447EC0B1D76}.Debug|Any CPU.Build.0 = Debug|Any CPU
		{7505C5DE-9F46-4E79-8264-D447EC0B1D76}.Debug|iPhone.ActiveCfg = Debug|Any CPU
		{7505C5DE-9F46-4E79-8264-D447EC0B1D76}.Debug|iPhone.Build.0 = Debug|Any CPU
		{7505C5DE-9F46-4E79-8264-D447EC0B1D76}.Debug|iPhoneSimulator.ActiveCfg = Debug|Any CPU
		{7505C5DE-9F46-4E79-8264-D447EC0B1D76}.Debug|iPhoneSimulator.Build.0 = Debug|Any CPU
		{7505C5DE-9F46-4E79-8264-D447EC0B1D76}.Release|Any CPU.ActiveCfg = Release|Any CPU
		{7505C5DE-9F46-4E79-8264-D447EC0B1D76}.Release|Any CPU.Build.0 = Release|Any CPU
		{7505C5DE-9F46-4E79-8264-D447EC0B1D76}.Release|iPhone.ActiveCfg = Release|Any CPU
		{7505C5DE-9F46-4E79-8264-D447EC0B1D76}.Release|iPhone.Build.0 = Release|Any CPU
		{7505C5DE-9F46-4E79-8264-D447EC0B1D76}.Release|iPhoneSimulator.ActiveCfg = Release|Any CPU
		{7505C5DE-9F46-4E79-8264-D447EC0B1D76}.Release|iPhoneSimulator.Build.0 = Release|Any CPU
		{55684496-B80B-4252-B8E0-C92DD1492001}.Ad-Hoc|Any CPU.ActiveCfg = Release|Any CPU
		{55684496-B80B-4252-B8E0-C92DD1492001}.Ad-Hoc|Any CPU.Build.0 = Release|Any CPU
		{55684496-B80B-4252-B8E0-C92DD1492001}.Ad-Hoc|Any CPU.Deploy.0 = Release|Any CPU
		{55684496-B80B-4252-B8E0-C92DD1492001}.Ad-Hoc|iPhone.ActiveCfg = Release|Any CPU
		{55684496-B80B-4252-B8E0-C92DD1492001}.Ad-Hoc|iPhone.Build.0 = Release|Any CPU
		{55684496-B80B-4252-B8E0-C92DD1492001}.Ad-Hoc|iPhone.Deploy.0 = Release|Any CPU
		{55684496-B80B-4252-B8E0-C92DD1492001}.Ad-Hoc|iPhoneSimulator.ActiveCfg = Release|Any CPU
		{55684496-B80B-4252-B8E0-C92DD1492001}.Ad-Hoc|iPhoneSimulator.Build.0 = Release|Any CPU
		{55684496-B80B-4252-B8E0-C92DD1492001}.Ad-Hoc|iPhoneSimulator.Deploy.0 = Release|Any CPU
		{55684496-B80B-4252-B8E0-C92DD1492001}.AppStore|Any CPU.ActiveCfg = Release|Any CPU
		{55684496-B80B-4252-B8E0-C92DD1492001}.AppStore|Any CPU.Build.0 = Release|Any CPU
		{55684496-B80B-4252-B8E0-C92DD1492001}.AppStore|Any CPU.Deploy.0 = Release|Any CPU
		{55684496-B80B-4252-B8E0-C92DD1492001}.AppStore|iPhone.ActiveCfg = Release|Any CPU
		{55684496-B80B-4252-B8E0-C92DD1492001}.AppStore|iPhone.Build.0 = Release|Any CPU
		{55684496-B80B-4252-B8E0-C92DD1492001}.AppStore|iPhone.Deploy.0 = Release|Any CPU
		{55684496-B80B-4252-B8E0-C92DD1492001}.AppStore|iPhoneSimulator.ActiveCfg = Release|Any CPU
		{55684496-B80B-4252-B8E0-C92DD1492001}.AppStore|iPhoneSimulator.Build.0 = Release|Any CPU
		{55684496-B80B-4252-B8E0-C92DD1492001}.AppStore|iPhoneSimulator.Deploy.0 = Release|Any CPU
		{55684496-B80B-4252-B8E0-C92DD1492001}.Debug|Any CPU.ActiveCfg = Debug|Any CPU
		{55684496-B80B-4252-B8E0-C92DD1492001}.Debug|Any CPU.Build.0 = Debug|Any CPU
		{55684496-B80B-4252-B8E0-C92DD1492001}.Debug|Any CPU.Deploy.0 = Debug|Any CPU
		{55684496-B80B-4252-B8E0-C92DD1492001}.Debug|iPhone.ActiveCfg = Debug|Any CPU
		{55684496-B80B-4252-B8E0-C92DD1492001}.Debug|iPhone.Build.0 = Debug|Any CPU
		{55684496-B80B-4252-B8E0-C92DD1492001}.Debug|iPhone.Deploy.0 = Debug|Any CPU
		{55684496-B80B-4252-B8E0-C92DD1492001}.Debug|iPhoneSimulator.ActiveCfg = Debug|Any CPU
		{55684496-B80B-4252-B8E0-C92DD1492001}.Debug|iPhoneSimulator.Build.0 = Debug|Any CPU
		{55684496-B80B-4252-B8E0-C92DD1492001}.Debug|iPhoneSimulator.Deploy.0 = Debug|Any CPU
		{55684496-B80B-4252-B8E0-C92DD1492001}.Release|Any CPU.ActiveCfg = Release|Any CPU
		{55684496-B80B-4252-B8E0-C92DD1492001}.Release|Any CPU.Build.0 = Release|Any CPU
		{55684496-B80B-4252-B8E0-C92DD1492001}.Release|Any CPU.Deploy.0 = Release|Any CPU
		{55684496-B80B-4252-B8E0-C92DD1492001}.Release|iPhone.ActiveCfg = Release|Any CPU
		{55684496-B80B-4252-B8E0-C92DD1492001}.Release|iPhone.Build.0 = Release|Any CPU
		{55684496-B80B-4252-B8E0-C92DD1492001}.Release|iPhone.Deploy.0 = Release|Any CPU
		{55684496-B80B-4252-B8E0-C92DD1492001}.Release|iPhoneSimulator.ActiveCfg = Release|Any CPU
		{55684496-B80B-4252-B8E0-C92DD1492001}.Release|iPhoneSimulator.Build.0 = Release|Any CPU
		{55684496-B80B-4252-B8E0-C92DD1492001}.Release|iPhoneSimulator.Deploy.0 = Release|Any CPU
		{E8F2D76B-7614-4BEB-8742-81A7071403C7}.Ad-Hoc|Any CPU.ActiveCfg = Release|Any CPU
		{E8F2D76B-7614-4BEB-8742-81A7071403C7}.Ad-Hoc|Any CPU.Build.0 = Release|Any CPU
		{E8F2D76B-7614-4BEB-8742-81A7071403C7}.Ad-Hoc|iPhone.ActiveCfg = Release|Any CPU
		{E8F2D76B-7614-4BEB-8742-81A7071403C7}.Ad-Hoc|iPhone.Build.0 = Release|Any CPU
		{E8F2D76B-7614-4BEB-8742-81A7071403C7}.Ad-Hoc|iPhoneSimulator.ActiveCfg = Release|Any CPU
		{E8F2D76B-7614-4BEB-8742-81A7071403C7}.Ad-Hoc|iPhoneSimulator.Build.0 = Release|Any CPU
		{E8F2D76B-7614-4BEB-8742-81A7071403C7}.AppStore|Any CPU.ActiveCfg = Release|Any CPU
		{E8F2D76B-7614-4BEB-8742-81A7071403C7}.AppStore|Any CPU.Build.0 = Release|Any CPU
		{E8F2D76B-7614-4BEB-8742-81A7071403C7}.AppStore|iPhone.ActiveCfg = Release|Any CPU
		{E8F2D76B-7614-4BEB-8742-81A7071403C7}.AppStore|iPhone.Build.0 = Release|Any CPU
		{E8F2D76B-7614-4BEB-8742-81A7071403C7}.AppStore|iPhoneSimulator.ActiveCfg = Release|Any CPU
		{E8F2D76B-7614-4BEB-8742-81A7071403C7}.AppStore|iPhoneSimulator.Build.0 = Release|Any CPU
		{E8F2D76B-7614-4BEB-8742-81A7071403C7}.Debug|Any CPU.ActiveCfg = Debug|Any CPU
		{E8F2D76B-7614-4BEB-8742-81A7071403C7}.Debug|Any CPU.Build.0 = Debug|Any CPU
		{E8F2D76B-7614-4BEB-8742-81A7071403C7}.Debug|iPhone.ActiveCfg = Debug|Any CPU
		{E8F2D76B-7614-4BEB-8742-81A7071403C7}.Debug|iPhone.Build.0 = Debug|Any CPU
		{E8F2D76B-7614-4BEB-8742-81A7071403C7}.Debug|iPhoneSimulator.ActiveCfg = Debug|Any CPU
		{E8F2D76B-7614-4BEB-8742-81A7071403C7}.Debug|iPhoneSimulator.Build.0 = Debug|Any CPU
		{E8F2D76B-7614-4BEB-8742-81A7071403C7}.Release|Any CPU.ActiveCfg = Release|Any CPU
		{E8F2D76B-7614-4BEB-8742-81A7071403C7}.Release|Any CPU.Build.0 = Release|Any CPU
		{E8F2D76B-7614-4BEB-8742-81A7071403C7}.Release|iPhone.ActiveCfg = Release|Any CPU
		{E8F2D76B-7614-4BEB-8742-81A7071403C7}.Release|iPhone.Build.0 = Release|Any CPU
		{E8F2D76B-7614-4BEB-8742-81A7071403C7}.Release|iPhoneSimulator.ActiveCfg = Release|Any CPU
		{E8F2D76B-7614-4BEB-8742-81A7071403C7}.Release|iPhoneSimulator.Build.0 = Release|Any CPU
		{75FC9B24-EAEC-4468-85D7-E0201E908A84}.Ad-Hoc|Any CPU.ActiveCfg = Release|Any CPU
		{75FC9B24-EAEC-4468-85D7-E0201E908A84}.Ad-Hoc|Any CPU.Build.0 = Release|Any CPU
		{75FC9B24-EAEC-4468-85D7-E0201E908A84}.Ad-Hoc|iPhone.ActiveCfg = Release|Any CPU
		{75FC9B24-EAEC-4468-85D7-E0201E908A84}.Ad-Hoc|iPhone.Build.0 = Release|Any CPU
		{75FC9B24-EAEC-4468-85D7-E0201E908A84}.Ad-Hoc|iPhoneSimulator.ActiveCfg = Release|Any CPU
		{75FC9B24-EAEC-4468-85D7-E0201E908A84}.Ad-Hoc|iPhoneSimulator.Build.0 = Release|Any CPU
		{75FC9B24-EAEC-4468-85D7-E0201E908A84}.AppStore|Any CPU.ActiveCfg = Release|Any CPU
		{75FC9B24-EAEC-4468-85D7-E0201E908A84}.AppStore|Any CPU.Build.0 = Release|Any CPU
		{75FC9B24-EAEC-4468-85D7-E0201E908A84}.AppStore|iPhone.ActiveCfg = Release|Any CPU
		{75FC9B24-EAEC-4468-85D7-E0201E908A84}.AppStore|iPhone.Build.0 = Release|Any CPU
		{75FC9B24-EAEC-4468-85D7-E0201E908A84}.AppStore|iPhoneSimulator.ActiveCfg = Release|Any CPU
		{75FC9B24-EAEC-4468-85D7-E0201E908A84}.AppStore|iPhoneSimulator.Build.0 = Release|Any CPU
		{75FC9B24-EAEC-4468-85D7-E0201E908A84}.Debug|Any CPU.ActiveCfg = Debug|Any CPU
		{75FC9B24-EAEC-4468-85D7-E0201E908A84}.Debug|Any CPU.Build.0 = Debug|Any CPU
		{75FC9B24-EAEC-4468-85D7-E0201E908A84}.Debug|iPhone.ActiveCfg = Debug|Any CPU
		{75FC9B24-EAEC-4468-85D7-E0201E908A84}.Debug|iPhone.Build.0 = Debug|Any CPU
		{75FC9B24-EAEC-4468-85D7-E0201E908A84}.Debug|iPhoneSimulator.ActiveCfg = Debug|Any CPU
		{75FC9B24-EAEC-4468-85D7-E0201E908A84}.Debug|iPhoneSimulator.Build.0 = Debug|Any CPU
		{75FC9B24-EAEC-4468-85D7-E0201E908A84}.Release|Any CPU.ActiveCfg = Release|Any CPU
		{75FC9B24-EAEC-4468-85D7-E0201E908A84}.Release|Any CPU.Build.0 = Release|Any CPU
		{75FC9B24-EAEC-4468-85D7-E0201E908A84}.Release|iPhone.ActiveCfg = Release|Any CPU
		{75FC9B24-EAEC-4468-85D7-E0201E908A84}.Release|iPhone.Build.0 = Release|Any CPU
		{75FC9B24-EAEC-4468-85D7-E0201E908A84}.Release|iPhoneSimulator.ActiveCfg = Release|Any CPU
		{75FC9B24-EAEC-4468-85D7-E0201E908A84}.Release|iPhoneSimulator.Build.0 = Release|Any CPU
	EndGlobalSection
	GlobalSection(SolutionProperties) = preSolution
		HideSolutionNode = FALSE
	EndGlobalSection
EndGlobal
